
Microsoft Visual Studio Solution File, Format Version 12.00
# Visual Studio Version 16
VisualStudioVersion = 16.0.31829.152
MinimumVisualStudioVersion = 10.0.40219.1
Project("{FAE04EC0-301F-11D3-BF4B-00C04F79EFBC}") = "10 ugol", "10 ugol\10 ugol.csproj", "{AA439862-D46D-427A-B57B-37478C1D5DBA}"
EndProject
Global
	GlobalSection(SolutionConfigurationPlatforms) = preSolution
		Debug|Any CPU = Debug|Any CPU
		Release|Any CPU = Release|Any CPU
	EndGlobalSection
	GlobalSection(ProjectConfigurationPlatforms) = postSolution
		{AA439862-D46D-427A-B57B-37478C1D5DBA}.Debug|Any CPU.ActiveCfg = Debug|Any CPU
		{AA439862-D46D-427A-B57B-37478C1D5DBA}.Debug|Any CPU.Build.0 = Debug|Any CPU
		{AA439862-D46D-427A-B57B-37478C1D5DBA}.Release|Any CPU.ActiveCfg = Release|Any CPU
		{AA439862-D46D-427A-B57B-37478C1D5DBA}.Release|Any CPU.Build.0 = Release|Any CPU
	EndGlobalSection
	GlobalSection(SolutionProperties) = preSolution
		HideSolutionNode = FALSE
	EndGlobalSection
	GlobalSection(ExtensibilityGlobals) = postSolution
		SolutionGuid = {DC6BCC95-D5C1-4589-841D-1EC48DEFBACD}
	EndGlobalSection
EndGlobal
